
Microsoft Visual Studio Solution File, Format Version 12.00
# Visual Studio Version 16
VisualStudioVersion = 16.0.30907.101
MinimumVisualStudioVersion = 10.0.40219.1
Project("{FAE04EC0-301F-11D3-BF4B-00C04F79EFBC}") = "FOLib", "FOLib.csproj", "{72DF74F4-A814-4587-BD45-7581940C8D44}"
EndProject
Project("{9A19103F-16F7-4668-BE54-9A1E7A4F7556}") = "DBLib", "..\DBLib\DBLib.csproj", "{B937F5CE-9502-4372-8750-9D59052C43D8}"
EndProject
Project("{FAE04EC0-301F-11D3-BF4B-00C04F79EFBC}") = "DBLibTest", "..\DBLibTest\DBLibTest.csproj", "{962E979A-E4B5-4127-8331-FE24BFF5E51C}"
EndProject
Global
	GlobalSection(SolutionConfigurationPlatforms) = preSolution
		Debug|Any CPU = Debug|Any CPU
		Debug|x86 = Debug|x86
		Release|Any CPU = Release|Any CPU
		Release|x86 = Release|x86
	EndGlobalSection
	GlobalSection(ProjectConfigurationPlatforms) = postSolution
		{72DF74F4-A814-4587-BD45-7581940C8D44}.Debug|Any CPU.ActiveCfg = Debug|Any CPU
		{72DF74F4-A814-4587-BD45-7581940C8D44}.Debug|Any CPU.Build.0 = Debug|Any CPU
		{72DF74F4-A814-4587-BD45-7581940C8D44}.Debug|x86.ActiveCfg = Debug|Any CPU
		{72DF74F4-A814-4587-BD45-7581940C8D44}.Debug|x86.Build.0 = Debug|Any CPU
		{72DF74F4-A814-4587-BD45-7581940C8D44}.Release|Any CPU.ActiveCfg = Release|Any CPU
		{72DF74F4-A814-4587-BD45-7581940C8D44}.Release|Any CPU.Build.0 = Release|Any CPU
		{72DF74F4-A814-4587-BD45-7581940C8D44}.Release|x86.ActiveCfg = Release|Any CPU
		{72DF74F4-A814-4587-BD45-7581940C8D44}.Release|x86.Build.0 = Release|Any CPU
		{B937F5CE-9502-4372-8750-9D59052C43D8}.Debug|Any CPU.ActiveCfg = Debug|Any CPU
		{B937F5CE-9502-4372-8750-9D59052C43D8}.Debug|Any CPU.Build.0 = Debug|Any CPU
		{B937F5CE-9502-4372-8750-9D59052C43D8}.Debug|x86.ActiveCfg = Debug|Any CPU
		{B937F5CE-9502-4372-8750-9D59052C43D8}.Debug|x86.Build.0 = Debug|Any CPU
		{B937F5CE-9502-4372-8750-9D59052C43D8}.Release|Any CPU.ActiveCfg = Release|Any CPU
		{B937F5CE-9502-4372-8750-9D59052C43D8}.Release|Any CPU.Build.0 = Release|Any CPU
		{B937F5CE-9502-4372-8750-9D59052C43D8}.Release|x86.ActiveCfg = Release|Any CPU
		{B937F5CE-9502-4372-8750-9D59052C43D8}.Release|x86.Build.0 = Release|Any CPU
		{962E979A-E4B5-4127-8331-FE24BFF5E51C}.Debug|Any CPU.ActiveCfg = Debug|Any CPU
		{962E979A-E4B5-4127-8331-FE24BFF5E51C}.Debug|Any CPU.Build.0 = Debug|Any CPU
		{962E979A-E4B5-4127-8331-FE24BFF5E51C}.Debug|x86.ActiveCfg = Debug|Any CPU
		{962E979A-E4B5-4127-8331-FE24BFF5E51C}.Debug|x86.Build.0 = Debug|Any CPU
		{962E979A-E4B5-4127-8331-FE24BFF5E51C}.Release|Any CPU.ActiveCfg = Release|Any CPU
		{962E979A-E4B5-4127-8331-FE24BFF5E51C}.Release|Any CPU.Build.0 = Release|Any CPU
		{962E979A-E4B5-4127-8331-FE24BFF5E51C}.Release|x86.ActiveCfg = Release|Any CPU
		{962E979A-E4B5-4127-8331-FE24BFF5E51C}.Release|x86.Build.0 = Release|Any CPU
	EndGlobalSection
	GlobalSection(SolutionProperties) = preSolution
		HideSolutionNode = FALSE
	EndGlobalSection
	GlobalSection(ExtensibilityGlobals) = postSolution
		SolutionGuid = {1A7765A8-5018-4543-9F1A-4617CEF2FA42}
	EndGlobalSection
EndGlobal
