
Microsoft Visual Studio Solution File, Format Version 12.00
# Visual Studio Version 16
VisualStudioVersion = 16.0.30907.101
MinimumVisualStudioVersion = 10.0.40219.1
Project("{FAE04EC0-301F-11D3-BF4B-00C04F79EFBC}") = "FOLib", "FOLib.csproj", "{72DF74F4-A814-4587-BD45-7581940C8D44}"
EndProject
Project("{FAE04EC0-301F-11D3-BF4B-00C04F79EFBC}") = "LibTest", "..\LibTest\LibTest.csproj", "{01E9706F-3CC3-407A-9045-BC9166CC400B}"
EndProject
Global
	GlobalSection(SolutionConfigurationPlatforms) = preSolution
		Debug|Any CPU = Debug|Any CPU
		Debug|x86 = Debug|x86
		Release|Any CPU = Release|Any CPU
		Release|x86 = Release|x86
	EndGlobalSection
	GlobalSection(ProjectConfigurationPlatforms) = postSolution
		{72DF74F4-A814-4587-BD45-7581940C8D44}.Debug|Any CPU.ActiveCfg = Debug|Any CPU
		{72DF74F4-A814-4587-BD45-7581940C8D44}.Debug|Any CPU.Build.0 = Debug|Any CPU
		{72DF74F4-A814-4587-BD45-7581940C8D44}.Debug|x86.ActiveCfg = Debug|Any CPU
		{72DF74F4-A814-4587-BD45-7581940C8D44}.Debug|x86.Build.0 = Debug|Any CPU
		{72DF74F4-A814-4587-BD45-7581940C8D44}.Release|Any CPU.ActiveCfg = Release|Any CPU
		{72DF74F4-A814-4587-BD45-7581940C8D44}.Release|Any CPU.Build.0 = Release|Any CPU
		{72DF74F4-A814-4587-BD45-7581940C8D44}.Release|x86.ActiveCfg = Release|Any CPU
		{72DF74F4-A814-4587-BD45-7581940C8D44}.Release|x86.Build.0 = Release|Any CPU
		{01E9706F-3CC3-407A-9045-BC9166CC400B}.Debug|Any CPU.ActiveCfg = Debug|Any CPU
		{01E9706F-3CC3-407A-9045-BC9166CC400B}.Debug|Any CPU.Build.0 = Debug|Any CPU
		{01E9706F-3CC3-407A-9045-BC9166CC400B}.Debug|x86.ActiveCfg = Debug|Any CPU
		{01E9706F-3CC3-407A-9045-BC9166CC400B}.Debug|x86.Build.0 = Debug|Any CPU
		{01E9706F-3CC3-407A-9045-BC9166CC400B}.Release|Any CPU.ActiveCfg = Release|Any CPU
		{01E9706F-3CC3-407A-9045-BC9166CC400B}.Release|Any CPU.Build.0 = Release|Any CPU
		{01E9706F-3CC3-407A-9045-BC9166CC400B}.Release|x86.ActiveCfg = Release|Any CPU
		{01E9706F-3CC3-407A-9045-BC9166CC400B}.Release|x86.Build.0 = Release|Any CPU
	EndGlobalSection
	GlobalSection(SolutionProperties) = preSolution
		HideSolutionNode = FALSE
	EndGlobalSection
	GlobalSection(ExtensibilityGlobals) = postSolution
		SolutionGuid = {1A7765A8-5018-4543-9F1A-4617CEF2FA42}
	EndGlobalSection
EndGlobal
